
Microsoft Visual Studio Solution File, Format Version 12.00
# Visual Studio Version 16
VisualStudioVersion = 16.0.31424.327
MinimumVisualStudioVersion = 10.0.40219.1
Project("{FAE04EC0-301F-11D3-BF4B-00C04F79EFBC}") = "Rest.net5", "Rest.net5\Rest.net5.csproj", "{7472768B-2EC8-4665-9A99-E02D61F50DC4}"
EndProject
Global
	GlobalSection(SolutionConfigurationPlatforms) = preSolution
		Debug|Any CPU = Debug|Any CPU
		Release|Any CPU = Release|Any CPU
	EndGlobalSection
	GlobalSection(ProjectConfigurationPlatforms) = postSolution
		{7472768B-2EC8-4665-9A99-E02D61F50DC4}.Debug|Any CPU.ActiveCfg = Debug|Any CPU
		{7472768B-2EC8-4665-9A99-E02D61F50DC4}.Debug|Any CPU.Build.0 = Debug|Any CPU
		{7472768B-2EC8-4665-9A99-E02D61F50DC4}.Release|Any CPU.ActiveCfg = Release|Any CPU
		{7472768B-2EC8-4665-9A99-E02D61F50DC4}.Release|Any CPU.Build.0 = Release|Any CPU
	EndGlobalSection
	GlobalSection(SolutionProperties) = preSolution
		HideSolutionNode = FALSE
	EndGlobalSection
	GlobalSection(ExtensibilityGlobals) = postSolution
		SolutionGuid = {C69195E2-1821-47B3-9165-4B9F9707D289}
	EndGlobalSection
EndGlobal
